
Microsoft Visual Studio Solution File, Format Version 12.00
# Visual Studio Version 16
VisualStudioVersion = 16.0.31205.134
MinimumVisualStudioVersion = 10.0.40219.1
Project("{FAE04EC0-301F-11D3-BF4B-00C04F79EFBC}") = "Bacheca", "Bacheca.csproj", "{61FB8DC4-D891-407C-83FC-5E3CB303618F}"
EndProject
Global
	GlobalSection(SolutionConfigurationPlatforms) = preSolution
		Debug|Any CPU = Debug|Any CPU
		Release|Any CPU = Release|Any CPU
	EndGlobalSection
	GlobalSection(ProjectConfigurationPlatforms) = postSolution
		{61FB8DC4-D891-407C-83FC-5E3CB303618F}.Debug|Any CPU.ActiveCfg = Debug|Any CPU
		{61FB8DC4-D891-407C-83FC-5E3CB303618F}.Debug|Any CPU.Build.0 = Debug|Any CPU
		{61FB8DC4-D891-407C-83FC-5E3CB303618F}.Release|Any CPU.ActiveCfg = Release|Any CPU
		{61FB8DC4-D891-407C-83FC-5E3CB303618F}.Release|Any CPU.Build.0 = Release|Any CPU
	EndGlobalSection
	GlobalSection(SolutionProperties) = preSolution
		HideSolutionNode = FALSE
	EndGlobalSection
	GlobalSection(ExtensibilityGlobals) = postSolution
		SolutionGuid = {105F03E7-3C7C-4C33-8C22-B73F0D3FB49F}
	EndGlobalSection
EndGlobal
